
Microsoft Visual Studio Solution File, Format Version 12.00
# Visual Studio Version 17
VisualStudioVersion = 17.0.31903.59
MinimumVisualStudioVersion = 10.0.40219.1
Project("{2150E333-8FDC-42A3-9474-1A3956D46DE8}") = "src", "src", "{74EF0A31-2E0E-4612-9A96-77D63D90FA93}"
EndProject
Project("{FAE04EC0-301F-11D3-BF4B-00C04F79EFBC}") = "TimeZoneFix", "src\TimeZoneFix\TimeZoneFix.csproj", "{5DDA1E87-9B4D-4D01-91BA-422DC14BC3B9}"
EndProject
Project("{2150E333-8FDC-42A3-9474-1A3956D46DE8}") = "test", "test", "{69EB1716-F66F-4C40-9E9D-6EC48F73A75D}"
EndProject
Project("{FAE04EC0-301F-11D3-BF4B-00C04F79EFBC}") = "TimeZoneFix.Tests", "test\TimeZoneFix.Tests\TimeZoneFix.Tests.csproj", "{18CEE0BB-513C-42E4-98BE-44E83308EA08}"
EndProject
Global
	GlobalSection(SolutionConfigurationPlatforms) = preSolution
		Debug|Any CPU = Debug|Any CPU
		Release|Any CPU = Release|Any CPU
	EndGlobalSection
	GlobalSection(SolutionProperties) = preSolution
		HideSolutionNode = FALSE
	EndGlobalSection
	GlobalSection(ProjectConfigurationPlatforms) = postSolution
		{5DDA1E87-9B4D-4D01-91BA-422DC14BC3B9}.Debug|Any CPU.ActiveCfg = Debug|Any CPU
		{5DDA1E87-9B4D-4D01-91BA-422DC14BC3B9}.Debug|Any CPU.Build.0 = Debug|Any CPU
		{5DDA1E87-9B4D-4D01-91BA-422DC14BC3B9}.Release|Any CPU.ActiveCfg = Release|Any CPU
		{5DDA1E87-9B4D-4D01-91BA-422DC14BC3B9}.Release|Any CPU.Build.0 = Release|Any CPU
		{18CEE0BB-513C-42E4-98BE-44E83308EA08}.Debug|Any CPU.ActiveCfg = Debug|Any CPU
		{18CEE0BB-513C-42E4-98BE-44E83308EA08}.Debug|Any CPU.Build.0 = Debug|Any CPU
		{18CEE0BB-513C-42E4-98BE-44E83308EA08}.Release|Any CPU.ActiveCfg = Release|Any CPU
		{18CEE0BB-513C-42E4-98BE-44E83308EA08}.Release|Any CPU.Build.0 = Release|Any CPU
	EndGlobalSection
	GlobalSection(NestedProjects) = preSolution
		{5DDA1E87-9B4D-4D01-91BA-422DC14BC3B9} = {74EF0A31-2E0E-4612-9A96-77D63D90FA93}
		{18CEE0BB-513C-42E4-98BE-44E83308EA08} = {69EB1716-F66F-4C40-9E9D-6EC48F73A75D}
	EndGlobalSection
EndGlobal
